
Microsoft Visual Studio Solution File, Format Version 12.00
# Visual Studio Version 16
VisualStudioVersion = 16.0.30717.126
MinimumVisualStudioVersion = 10.0.40219.1
Project("{9A19103F-16F7-4668-BE54-9A1E7A4F7556}") = "CheckoutKata.Server", "CheckoutKata\Server\CheckoutKata.Server.csproj", "{94EF1925-84C6-4E03-BBC4-966EEC1CE810}"
EndProject
Project("{9A19103F-16F7-4668-BE54-9A1E7A4F7556}") = "CheckoutKata.Client", "CheckoutKata\Client\CheckoutKata.Client.csproj", "{CE93D614-E04F-42DB-BE1D-10D3645C4BA6}"
EndProject
Project("{9A19103F-16F7-4668-BE54-9A1E7A4F7556}") = "CheckoutKata.Shared", "CheckoutKata\Shared\CheckoutKata.Shared.csproj", "{64A3967D-B98C-481E-8815-988A07E2018C}"
EndProject
Global
	GlobalSection(SolutionConfigurationPlatforms) = preSolution
		Debug|Any CPU = Debug|Any CPU
		Release|Any CPU = Release|Any CPU
	EndGlobalSection
	GlobalSection(ProjectConfigurationPlatforms) = postSolution
		{94EF1925-84C6-4E03-BBC4-966EEC1CE810}.Debug|Any CPU.ActiveCfg = Debug|Any CPU
		{94EF1925-84C6-4E03-BBC4-966EEC1CE810}.Debug|Any CPU.Build.0 = Debug|Any CPU
		{94EF1925-84C6-4E03-BBC4-966EEC1CE810}.Release|Any CPU.ActiveCfg = Release|Any CPU
		{94EF1925-84C6-4E03-BBC4-966EEC1CE810}.Release|Any CPU.Build.0 = Release|Any CPU
		{CE93D614-E04F-42DB-BE1D-10D3645C4BA6}.Debug|Any CPU.ActiveCfg = Debug|Any CPU
		{CE93D614-E04F-42DB-BE1D-10D3645C4BA6}.Debug|Any CPU.Build.0 = Debug|Any CPU
		{CE93D614-E04F-42DB-BE1D-10D3645C4BA6}.Release|Any CPU.ActiveCfg = Release|Any CPU
		{CE93D614-E04F-42DB-BE1D-10D3645C4BA6}.Release|Any CPU.Build.0 = Release|Any CPU
		{64A3967D-B98C-481E-8815-988A07E2018C}.Debug|Any CPU.ActiveCfg = Debug|Any CPU
		{64A3967D-B98C-481E-8815-988A07E2018C}.Debug|Any CPU.Build.0 = Debug|Any CPU
		{64A3967D-B98C-481E-8815-988A07E2018C}.Release|Any CPU.ActiveCfg = Release|Any CPU
		{64A3967D-B98C-481E-8815-988A07E2018C}.Release|Any CPU.Build.0 = Release|Any CPU
	EndGlobalSection
	GlobalSection(SolutionProperties) = preSolution
		HideSolutionNode = FALSE
	EndGlobalSection
	GlobalSection(ExtensibilityGlobals) = postSolution
		SolutionGuid = {DAFC993F-87DB-4FE6-A8F8-4203C6F7804B}
	EndGlobalSection
EndGlobal
